
Microsoft Visual Studio Solution File, Format Version 12.00
# Visual Studio Version 17
VisualStudioVersion = 17.7.34024.191
MinimumVisualStudioVersion = 10.0.40219.1
Project("{FAE04EC0-301F-11D3-BF4B-00C04F79EFBC}") = "Escape Room", "Escape Room\Escape Room.csproj", "{DA11AE83-E96F-49D4-8A7E-D7F020B2F8FB}"
EndProject
Global
	GlobalSection(SolutionConfigurationPlatforms) = preSolution
		Debug|Any CPU = Debug|Any CPU
		Release|Any CPU = Release|Any CPU
	EndGlobalSection
	GlobalSection(ProjectConfigurationPlatforms) = postSolution
		{DA11AE83-E96F-49D4-8A7E-D7F020B2F8FB}.Debug|Any CPU.ActiveCfg = Debug|Any CPU
		{DA11AE83-E96F-49D4-8A7E-D7F020B2F8FB}.Debug|Any CPU.Build.0 = Debug|Any CPU
		{DA11AE83-E96F-49D4-8A7E-D7F020B2F8FB}.Release|Any CPU.ActiveCfg = Release|Any CPU
		{DA11AE83-E96F-49D4-8A7E-D7F020B2F8FB}.Release|Any CPU.Build.0 = Release|Any CPU
	EndGlobalSection
	GlobalSection(SolutionProperties) = preSolution
		HideSolutionNode = FALSE
	EndGlobalSection
	GlobalSection(ExtensibilityGlobals) = postSolution
		SolutionGuid = {4D2A4744-8F4E-4237-99D0-BF0431E398DB}
	EndGlobalSection
EndGlobal
